
Microsoft Visual Studio Solution File, Format Version 12.00
# Visual Studio Version 17
VisualStudioVersion = 17.4.33205.214
MinimumVisualStudioVersion = 10.0.40219.1
Project("{9A19103F-16F7-4668-BE54-9A1E7A4F7556}") = "Domain", "Domain\Domain.csproj", "{C57964A0-7713-4D7F-8608-9FA44D5839B7}"
EndProject
Project("{9A19103F-16F7-4668-BE54-9A1E7A4F7556}") = "TestsNUnit", "TestsNUnit\TestsNUnit.csproj", "{0FCD47FA-B45B-417C-BA16-38C299CE2F8A}"
EndProject
Project("{9A19103F-16F7-4668-BE54-9A1E7A4F7556}") = "TestsXUnit", "TestsXUnit\TestsXUnit.csproj", "{B81B85A3-703E-4E86-AA3B-59B79F5E408D}"
EndProject
Project("{9A19103F-16F7-4668-BE54-9A1E7A4F7556}") = "TestsMSTest", "TestsMSTest\TestsMSTest.csproj", "{AE76D928-0A50-4D43-8207-024EA9519BF7}"
EndProject
Project("{FAE04EC0-301F-11D3-BF4B-00C04F79EFBC}") = "Core", "Core\Core.csproj", "{A6922714-DBFF-40FD-AEE5-C6EB2DD4B3CA}"
EndProject
Global
	GlobalSection(SolutionConfigurationPlatforms) = preSolution
		Debug|Any CPU = Debug|Any CPU
		Release|Any CPU = Release|Any CPU
	EndGlobalSection
	GlobalSection(ProjectConfigurationPlatforms) = postSolution
		{C57964A0-7713-4D7F-8608-9FA44D5839B7}.Debug|Any CPU.ActiveCfg = Debug|Any CPU
		{C57964A0-7713-4D7F-8608-9FA44D5839B7}.Debug|Any CPU.Build.0 = Debug|Any CPU
		{C57964A0-7713-4D7F-8608-9FA44D5839B7}.Release|Any CPU.ActiveCfg = Release|Any CPU
		{C57964A0-7713-4D7F-8608-9FA44D5839B7}.Release|Any CPU.Build.0 = Release|Any CPU
		{0FCD47FA-B45B-417C-BA16-38C299CE2F8A}.Debug|Any CPU.ActiveCfg = Debug|Any CPU
		{0FCD47FA-B45B-417C-BA16-38C299CE2F8A}.Debug|Any CPU.Build.0 = Debug|Any CPU
		{0FCD47FA-B45B-417C-BA16-38C299CE2F8A}.Release|Any CPU.ActiveCfg = Release|Any CPU
		{0FCD47FA-B45B-417C-BA16-38C299CE2F8A}.Release|Any CPU.Build.0 = Release|Any CPU
		{B81B85A3-703E-4E86-AA3B-59B79F5E408D}.Debug|Any CPU.ActiveCfg = Debug|Any CPU
		{B81B85A3-703E-4E86-AA3B-59B79F5E408D}.Debug|Any CPU.Build.0 = Debug|Any CPU
		{B81B85A3-703E-4E86-AA3B-59B79F5E408D}.Release|Any CPU.ActiveCfg = Release|Any CPU
		{B81B85A3-703E-4E86-AA3B-59B79F5E408D}.Release|Any CPU.Build.0 = Release|Any CPU
		{AE76D928-0A50-4D43-8207-024EA9519BF7}.Debug|Any CPU.ActiveCfg = Debug|Any CPU
		{AE76D928-0A50-4D43-8207-024EA9519BF7}.Debug|Any CPU.Build.0 = Debug|Any CPU
		{AE76D928-0A50-4D43-8207-024EA9519BF7}.Release|Any CPU.ActiveCfg = Release|Any CPU
		{AE76D928-0A50-4D43-8207-024EA9519BF7}.Release|Any CPU.Build.0 = Release|Any CPU
		{A6922714-DBFF-40FD-AEE5-C6EB2DD4B3CA}.Debug|Any CPU.ActiveCfg = Debug|Any CPU
		{A6922714-DBFF-40FD-AEE5-C6EB2DD4B3CA}.Debug|Any CPU.Build.0 = Debug|Any CPU
		{A6922714-DBFF-40FD-AEE5-C6EB2DD4B3CA}.Release|Any CPU.ActiveCfg = Release|Any CPU
		{A6922714-DBFF-40FD-AEE5-C6EB2DD4B3CA}.Release|Any CPU.Build.0 = Release|Any CPU
	EndGlobalSection
	GlobalSection(SolutionProperties) = preSolution
		HideSolutionNode = FALSE
	EndGlobalSection
	GlobalSection(ExtensibilityGlobals) = postSolution
		SolutionGuid = {B7BF09A7-0E11-43BA-9E56-1F283C919E85}
	EndGlobalSection
EndGlobal
